// !$*UTF8*$!
{
	archiveVersion = 1;
	classes = {
	};
	objectVersion = 50;
	objects = {

/* Begin PBXBuildFile section */
		BECC3A2420B85D2100EE1A2E /* ColorPickerView.swift in Sources */ = {isa = PBXBuildFile; fileRef = BECC3A2320B85D2100EE1A2E /* ColorPickerView.swift */; };
		BEDC8F1620B78F2C00D24389 /* AppDelegate.swift in Sources */ = {isa = PBXBuildFile; fileRef = BEDC8F1520B78F2C00D24389 /* AppDelegate.swift */; };
		BEDC8F1820B78F2C00D24389 /* ViewController.swift in Sources */ = {isa = PBXBuildFile; fileRef = BEDC8F1720B78F2C00D24389 /* ViewController.swift */; };
		BEDC8F1B20B78F2C00D24389 /* Main.storyboard in Resources */ = {isa = PBXBuildFile; fileRef = BEDC8F1920B78F2C00D24389 /* Main.storyboard */; };
		BEDC8F1D20B78F2C00D24389 /* Assets.xcassets in Resources */ = {isa = PBXBuildFile; fileRef = BEDC8F1C20B78F2C00D24389 /* Assets.xcassets */; };
		BEDC8F2020B78F2C00D24389 /* LaunchScreen.storyboard in Resources */ = {isa = PBXBuildFile; fileRef = BEDC8F1E20B78F2C00D24389 /* LaunchScreen.storyboard */; };
/* End PBXBuildFile section */

/* Begin PBXFileReference section */
		BECC3A2320B85D2100EE1A2E /* ColorPickerView.swift */ = {isa = PBXFileReference; fileEncoding = 4; lastKnownFileType = sourcecode.swift; path = ColorPickerView.swift; sourceTree = "<group>"; };
		BEDC8F1220B78F2C00D24389 /* ARDrawing.app */ = {isa = PBXFileReference; explicitFileType = wrapper.application; includeInIndex = 0; path = ARDrawing.app; sourceTree = BUILT_PRODUCTS_DIR; };
		BEDC8F1520B78F2C00D24389 /* AppDelegate.swift */ = {isa = PBXFileReference; lastKnownFileType = sourcecode.swift; path = AppDelegate.swift; sourceTree = "<group>"; };
		BEDC8F1720B78F2C00D24389 /* ViewController.swift */ = {isa = PBXFileReference; lastKnownFileType = sourcecode.swift; path = ViewController.swift; sourceTree = "<group>"; };
		BEDC8F1A20B78F2C00D24389 /* Base */ = {isa = PBXFileReference; lastKnownFileType = file.storyboard; name = Base; path = Base.lproj/Main.storyboard; sourceTree = "<group>"; };
		BEDC8F1C20B78F2C00D24389 /* Assets.xcassets */ = {isa = PBXFileReference; lastKnownFileType = folder.assetcatalog; path = Assets.xcassets; sourceTree = "<group>"; };
		BEDC8F1F20B78F2C00D24389 /* Base */ = {isa = PBXFileReference; lastKnownFileType = file.storyboard; name = Base; path = Base.lproj/LaunchScreen.storyboard; sourceTree = "<group>"; };
		BEDC8F2120B78F2C00D24389 /* Info.plist */ = {isa = PBXFileReference; lastKnownFileType = text.plist.xml; path = Info.plist; sourceTree = "<group>"; };
/* End PBXFileReference section */

/* Begin PBXFrameworksBuildPhase section */
		BEDC8F0F20B78F2C00D24389 /* Frameworks */ = {
			isa = PBXFrameworksBuildPhase;
			buildActionMask = 2147483647;
			files = (
			);
			runOnlyForDeploymentPostprocessing = 0;
		};
/* End PBXFrameworksBuildPhase section */

/* Begin PBXGroup section */
		BEDC8F0920B78F2C00D24389 = {
			isa = PBXGroup;
			children = (
				BEDC8F1420B78F2C00D24389 /* ARDrawing */,
				BEDC8F1320B78F2C00D24389 /* Products */,
			);
			sourceTree = "<group>";
		};
		BEDC8F1320B78F2C00D24389 /* Products */ = {
			isa = PBXGroup;
			children = (
				BEDC8F1220B78F2C00D24389 /* ARDrawing.app */,
			);
			name = Products;
			sourceTree = "<group>";
		};
		BEDC8F1420B78F2C00D24389 /* ARDrawing */ = {
			isa = PBXGroup;
			children = (
				BECC3A2320B85D2100EE1A2E /* ColorPickerView.swift */,
				BEDC8F1720B78F2C00D24389 /* ViewController.swift */,
				BEDC8F1920B78F2C00D24389 /* Main.storyboard */,
				BEDC8F1520B78F2C00D24389 /* AppDelegate.swift */,
				BEDC8F1C20B78F2C00D24389 /* Assets.xcassets */,
				BEDC8F1E20B78F2C00D24389 /* LaunchScreen.storyboard */,
				BEDC8F2120B78F2C00D24389 /* Info.plist */,
			);
			path = ARDrawing;
			sourceTree = "<group>";
		};
/* End PBXGroup section */

/* Begin PBXNativeTarget section */
		BEDC8F1120B78F2C00D24389 /* ARDrawing */ = {
			isa = PBXNativeTarget;
			buildConfigurationList = BEDC8F2420B78F2C00D24389 /* Build configuration list for PBXNativeTarget "ARDrawing" */;
			buildPhases = (
				BEDC8F0E20B78F2C00D24389 /* Sources */,
				BEDC8F0F20B78F2C00D24389 /* Frameworks */,
				BEDC8F1020B78F2C00D24389 /* Resources */,
			);
			buildRules = (
			);
			dependencies = (
			);
			name = ARDrawing;
			productName = ARDrawing;
			productReference = BEDC8F1220B78F2C00D24389 /* ARDrawing.app */;
			productType = "com.apple.product-type.application";
		};
/* End PBXNativeTarget section */

/* Begin PBXProject section */
		BEDC8F0A20B78F2C00D24389 /* Project object */ = {
			isa = PBXProject;
			attributes = {
				LastSwiftUpdateCheck = 0940;
				LastUpgradeCheck = 0940;
				ORGANIZATIONNAME = "Will Hess";
				TargetAttributes = {
					BEDC8F1120B78F2C00D24389 = {
						CreatedOnToolsVersion = 9.4;
					};
				};
			};
			buildConfigurationList = BEDC8F0D20B78F2C00D24389 /* Build configuration list for PBXProject "ARDrawing" */;
			compatibilityVersion = "Xcode 9.3";
			developmentRegion = en;
			hasScannedForEncodings = 0;
			knownRegions = (
				en,
				Base,
			);
			mainGroup = BEDC8F0920B78F2C00D24389;
			productRefGroup = BEDC8F1320B78F2C00D24389 /* Products */;
			projectDirPath = "";
			projectRoot = "";
			targets = (
				BEDC8F1120B78F2C00D24389 /* ARDrawing */,
			);
		};
/* End PBXProject section */

/* Begin PBXResourcesBuildPhase section */
		BEDC8F1020B78F2C00D24389 /* Resources */ = {
			isa = PBXResourcesBuildPhase;
			buildActionMask = 2147483647;
			files = (
				BEDC8F2020B78F2C00D24389 /* LaunchScreen.storyboard in Resources */,
				BEDC8F1D20B78F2C00D24389 /* Assets.xcassets in Resources */,
				BEDC8F1B20B78F2C00D24389 /* Main.storyboard in Resources */,
			);
			runOnlyForDeploymentPostprocessing = 0;
		};
/* End PBXResourcesBuildPhase section */

/* Begin PBXSourcesBuildPhase section */
		BEDC8F0E20B78F2C00D24389 /* Sources */ = {
			isa = PBXSourcesBuildPhase;
			buildActionMask = 2147483647;
			files = (
				BEDC8F1820B78F2C00D24389 /* ViewController.swift in Sources */,
				BEDC8F1620B78F2C00D24389 /* AppDelegate.swift in Sources */,
				BECC3A2420B85D2100EE1A2E /* ColorPickerView.swift in Sources */,
			);
			runOnlyForDeploymentPostprocessing = 0;
		};
/* End PBXSourcesBuildPhase section */

/* Begin PBXVariantGroup section */
		BEDC8F1920B78F2C00D24389 /* Main.storyboard */ = {
			isa = PBXVariantGroup;
			children = (
				BEDC8F1A20B78F2C00D24389 /* Base */,
			);
			name = Main.storyboard;
			sourceTree = "<group>";
		};
		BEDC8F1E20B78F2C00D24389 /* LaunchScreen.storyboard */ = {
			isa = PBXVariantGroup;
			children = (
				BEDC8F1F20B78F2C00D24389 /* Base */,
			);
			name = LaunchScreen.storyboard;
			sourceTree = "<group>";
		};
/* End PBXVariantGroup section */

/* Begin XCBuildConfiguration section */
		BEDC8F2220B78F2C00D24389 /* Debug */ = {
			isa = XCBuildConfiguration;
			buildSettings = {
				ALWAYS_SEARCH_USER_PATHS = NO;
				CLANG_ANALYZER_NONNULL = YES;
				CLANG_ANALYZER_NUMBER_OBJECT_CONVERSION = YES_AGGRESSIVE;
				CLANG_CXX_LANGUAGE_STANDARD = "gnu++14";
				CLANG_CXX_LIBRARY = "libc++";
				CLANG_ENABLE_MODULES = YES;
				CLANG_ENABLE_OBJC_ARC = YES;
				CLANG_ENABLE_OBJC_WEAK = YES;
				CLANG_WARN_BLOCK_CAPTURE_AUTORELEASING = YES;
				CLANG_WARN_BOOL_CONVERSION = YES;
				CLANG_WARN_COMMA = YES;
				CLANG_WARN_CONSTANT_CONVERSION = YES;
				CLANG_WARN_DEPRECATED_OBJC_IMPLEMENTATIONS = YES;
				CLANG_WARN_DIRECT_OBJC_ISA_USAGE = YES_ERROR;
				CLANG_WARN_DOCUMENTATION_COMMENTS = YES;
				CLANG_WARN_EMPTY_BODY = YES;
				CLANG_WARN_ENUM_CONVERSION = YES;
				CLANG_WARN_INFINITE_RECURSION = YES;
				CLANG_WARN_INT_CONVERSION = YES;
				CLANG_WARN_NON_LITERAL_NULL_CONVERSION = YES;
				CLANG_WARN_OBJC_IMPLICIT_RETAIN_SELF = YES;
				CLANG_WARN_OBJC_LITERAL_CONVERSION = YES;
				CLANG_WARN_OBJC_ROOT_CLASS = YES_ERROR;
				CLANG_WARN_RANGE_LOOP_ANALYSIS = YES;
				CLANG_WARN_STRICT_PROTOTYPES = YES;
				CLANG_WARN_SUSPICIOUS_MOVE = YES;
				CLANG_WARN_UNGUARDED_AVAILABILITY = YES_AGGRESSIVE;
				CLANG_WARN_UNREACHABLE_CODE = YES;
				CLANG_WARN__DUPLICATE_METHOD_MATCH = YES;
				CODE_SIGN_IDENTITY = "iPhone Developer";
				COPY_PHASE_STRIP = NO;
				DEBUG_INFORMATION_FORMAT = dwarf;
				ENABLE_STRICT_OBJC_MSGSEND = YES;
				ENABLE_TESTABILITY = YES;
				GCC_C_LANGUAGE_STANDARD = gnu11;
				GCC_DYNAMIC_NO_PIC = NO;
				GCC_NO_COMMON_BLOCKS = YES;
				GCC_OPTIMIZATION_LEVEL = 0;
				GCC_PREPROCESSOR_DEFINITIONS = (
					"DEBUG=1",
					"$(inherited)",
				);
				GCC_WARN_64_TO_32_BIT_CONVERSION = YES;
				GCC_WARN_ABOUT_RETURN_TYPE = YES_ERROR;
				GCC_WARN_UNDECLARED_SELECTOR = YES;
				GCC_WARN_UNINITIALIZED_AUTOS = YES_AGGRESSIVE;
				GCC_WARN_UNUSED_FUNCTION = YES;
				GCC_WARN_UNUSED_VARIABLE = YES;
				IPHONEOS_DEPLOYMENT_TARGET = 11.4;
				MTL_ENABLE_DEBUG_INFO = YES;
				ONLY_ACTIVE_ARCH = YES;
				SDKROOT = iphoneos;
				SWIFT_ACTIVE_COMPILATION_CONDITIONS = DEBUG;
				SWIFT_OPTIMIZATION_LEVEL = "-Onone";
			};
			name = Debug;
		};
		BEDC8F2320B78F2C00D24389 /* Release */ = {
			isa = XCBuildConfiguration;
			buildSettings = {
				ALWAYS_SEARCH_USER_PATHS = NO;
				CLANG_ANALYZER_NONNULL = YES;
				CLANG_ANALYZER_NUMBER_OBJECT_CONVERSION = YES_AGGRESSIVE;
				CLANG_CXX_LANGUAGE_STANDARD = "gnu++14";
				CLANG_CXX_LIBRARY = "libc++";
				CLANG_ENABLE_MODULES = YES;
				CLANG_ENABLE_OBJC_ARC = YES;
				CLANG_ENABLE_OBJC_WEAK = YES;
				CLANG_WARN_BLOCK_CAPTURE_AUTORELEASING = YES;
				CLANG_WARN_BOOL_CONVERSION = YES;
				CLANG_WARN_COMMA = YES;
				CLANG_WARN_CONSTANT_CONVERSION = YES;
				CLANG_WARN_DEPRECATED_OBJC_IMPLEMENTATIONS = YES;
				CLANG_WARN_DIRECT_OBJC_ISA_USAGE = YES_ERROR;
				CLANG_WARN_DOCUMENTATION_COMMENTS = YES;
				CLANG_WARN_EMPTY_BODY = YES;
				CLANG_WARN_ENUM_CONVERSION = YES;
				CLANG_WARN_INFINITE_RECURSION = YES;
				CLANG_WARN_INT_CONVERSION = YES;
				CLANG_WARN_NON_LITERAL_NULL_CONVERSION = YES;
				CLANG_WARN_OBJC_IMPLICIT_RETAIN_SELF = YES;
				CLANG_WARN_OBJC_LITERAL_CONVERSION = YES;
				CLANG_WARN_OBJC_ROOT_CLASS = YES_ERROR;
				CLANG_WARN_RANGE_LOOP_ANALYSIS = YES;
				CLANG_WARN_STRICT_PROTOTYPES = YES;
				CLANG_WARN_SUSPICIOUS_MOVE = YES;
				CLANG_WARN_UNGUARDED_AVAILABILITY = YES_AGGRESSIVE;
				CLANG_WARN_UNREACHABLE_CODE = YES;
				CLANG_WARN__DUPLICATE_METHOD_MATCH = YES;
				CODE_SIGN_IDENTITY = "iPhone Developer";
				COPY_PHASE_STRIP = NO;
				DEBUG_INFORMATION_FORMAT = "dwarf-with-dsym";
				ENABLE_NS_ASSERTIONS = NO;
				ENABLE_STRICT_OBJC_MSGSEND = YES;
				GCC_C_LANGUAGE_STANDARD = gnu11;
				GCC_NO_COMMON_BLOCKS = YES;
				GCC_WARN_64_TO_32_BIT_CONVERSION = YES;
				GCC_WARN_ABOUT_RETURN_TYPE = YES_ERROR;
				GCC_WARN_UNDECLARED_SELECTOR = YES;
				GCC_WARN_UNINITIALIZED_AUTOS = YES_AGGRESSIVE;
				GCC_WARN_UNUSED_FUNCTION = YES;
				GCC_WARN_UNUSED_VARIABLE = YES;
				IPHONEOS_DEPLOYMENT_TARGET = 11.4;
				MTL_ENABLE_DEBUG_INFO = NO;
				SDKROOT = iphoneos;
				SWIFT_COMPILATION_MODE = wholemodule;
				SWIFT_OPTIMIZATION_LEVEL = "-O";
				VALIDATE_PRODUCT = YES;
			};
			name = Release;
		};
		BEDC8F2520B78F2C00D24389 /* Debug */ = {
			isa = XCBuildConfiguration;
			buildSettings = {
				ASSETCATALOG_COMPILER_APPICON_NAME = AppIcon;
				CODE_SIGN_STYLE = Automatic;
				DEVELOPMENT_TEAM = RM8KYM9N2P;
				INFOPLIST_FILE = ARDrawing/Info.plist;
				IPHONEOS_DEPLOYMENT_TARGET = 11.3;
				LD_RUNPATH_SEARCH_PATHS = (
					"$(inherited)",
					"@executable_path/Frameworks",
				);
				PRODUCT_BUNDLE_IDENTIFIER = willhess.ARDrawing;
				PRODUCT_NAME = "$(TARGET_NAME)";
				SWIFT_VERSION = 4.0;
				TARGETED_DEVICE_FAMILY = "1,2";
			};
			name = Debug;
		};
		BEDC8F2620B78F2C00D24389 /* Release */ = {
			isa = XCBuildConfiguration;
			buildSettings = {
				ASSETCATALOG_COMPILER_APPICON_NAME = AppIcon;
				CODE_SIGN_STYLE = Automatic;
				DEVELOPMENT_TEAM = RM8KYM9N2P;
				INFOPLIST_FILE = ARDrawing/Info.plist;
				IPHONEOS_DEPLOYMENT_TARGET = 11.3;
				LD_RUNPATH_SEARCH_PATHS = (
					"$(inherited)",
					"@executable_path/Frameworks",
				);
				PRODUCT_BUNDLE_IDENTIFIER = willhess.ARDrawing;
				PRODUCT_NAME = "$(TARGET_NAME)";
				SWIFT_VERSION = 4.0;
				TARGETED_DEVICE_FAMILY = "1,2";
			};
			name = Release;
		};
/* End XCBuildConfiguration section */

/* Begin XCConfigurationList section */
		BEDC8F0D20B78F2C00D24389 /* Build configuration list for PBXProject "ARDrawing" */ = {
			isa = XCConfigurationList;
			buildConfigurations = (
				BEDC8F2220B78F2C00D24389 /* Debug */,
				BEDC8F2320B78F2C00D24389 /* Release */,
			);
			defaultConfigurationIsVisible = 0;
			defaultConfigurationName = Release;
		};
		BEDC8F2420B78F2C00D24389 /* Build configuration list for PBXNativeTarget "ARDrawing" */ = {
			isa = XCConfigurationList;
			buildConfigurations = (
				BEDC8F2520B78F2C00D24389 /* Debug */,
				BEDC8F2620B78F2C00D24389 /* Release */,
			);
			defaultConfigurationIsVisible = 0;
			defaultConfigurationName = Release;
		};
/* End XCConfigurationList section */
	};
	rootObject = BEDC8F0A20B78F2C00D24389 /* Project object */;
}
